
Microsoft Visual Studio Solution File, Format Version 12.00
# Visual Studio Version 16
VisualStudioVersion = 16.0.30907.101
MinimumVisualStudioVersion = 10.0.40219.1
Project("{FAE04EC0-301F-11D3-BF4B-00C04F79EFBC}") = "CallCenter", "CallCenter\CallCenter.csproj", "{8F9BDE6D-B061-4B96-BC42-1DB9321286BE}"
EndProject
Global
	GlobalSection(SolutionConfigurationPlatforms) = preSolution
		Debug|Any CPU = Debug|Any CPU
		Release|Any CPU = Release|Any CPU
	EndGlobalSection
	GlobalSection(ProjectConfigurationPlatforms) = postSolution
		{8F9BDE6D-B061-4B96-BC42-1DB9321286BE}.Debug|Any CPU.ActiveCfg = Debug|Any CPU
		{8F9BDE6D-B061-4B96-BC42-1DB9321286BE}.Debug|Any CPU.Build.0 = Debug|Any CPU
		{8F9BDE6D-B061-4B96-BC42-1DB9321286BE}.Release|Any CPU.ActiveCfg = Release|Any CPU
		{8F9BDE6D-B061-4B96-BC42-1DB9321286BE}.Release|Any CPU.Build.0 = Release|Any CPU
	EndGlobalSection
	GlobalSection(SolutionProperties) = preSolution
		HideSolutionNode = FALSE
	EndGlobalSection
	GlobalSection(ExtensibilityGlobals) = postSolution
		SolutionGuid = {3698E04A-5214-43EE-8834-DC35E8230492}
	EndGlobalSection
EndGlobal
